
Microsoft Visual Studio Solution File, Format Version 12.00
# Visual Studio Version 17
VisualStudioVersion = 17.14.36616.10 d17.14
MinimumVisualStudioVersion = 10.0.40219.1
Project("{FAE04EC0-301F-11D3-BF4B-00C04F79EFBC}") = "WinFormsApp10", "WinFormsApp10\WinFormsApp10.csproj", "{6A3F245C-7BBB-4582-AAD8-37D8D2A99313}"
EndProject
Global
	GlobalSection(SolutionConfigurationPlatforms) = preSolution
		Debug|Any CPU = Debug|Any CPU
		Release|Any CPU = Release|Any CPU
	EndGlobalSection
	GlobalSection(ProjectConfigurationPlatforms) = postSolution
		{6A3F245C-7BBB-4582-AAD8-37D8D2A99313}.Debug|Any CPU.ActiveCfg = Debug|Any CPU
		{6A3F245C-7BBB-4582-AAD8-37D8D2A99313}.Debug|Any CPU.Build.0 = Debug|Any CPU
		{6A3F245C-7BBB-4582-AAD8-37D8D2A99313}.Release|Any CPU.ActiveCfg = Release|Any CPU
		{6A3F245C-7BBB-4582-AAD8-37D8D2A99313}.Release|Any CPU.Build.0 = Release|Any CPU
	EndGlobalSection
	GlobalSection(SolutionProperties) = preSolution
		HideSolutionNode = FALSE
	EndGlobalSection
	GlobalSection(ExtensibilityGlobals) = postSolution
		SolutionGuid = {30BE52DA-00AA-4F3F-90C0-01FEEC9DD11C}
	EndGlobalSection
EndGlobal
