
Microsoft Visual Studio Solution File, Format Version 12.00
# Visual Studio Version 17
VisualStudioVersion = 17.14.36616.10 d17.14
MinimumVisualStudioVersion = 10.0.40219.1
Project("{FAE04EC0-301F-11D3-BF4B-00C04F79EFBC}") = "WinFormsApp20", "WinFormsApp20\WinFormsApp20.csproj", "{34FB508E-FE47-491E-B880-84659DD69E9B}"
EndProject
Global
	GlobalSection(SolutionConfigurationPlatforms) = preSolution
		Debug|Any CPU = Debug|Any CPU
		Release|Any CPU = Release|Any CPU
	EndGlobalSection
	GlobalSection(ProjectConfigurationPlatforms) = postSolution
		{34FB508E-FE47-491E-B880-84659DD69E9B}.Debug|Any CPU.ActiveCfg = Debug|Any CPU
		{34FB508E-FE47-491E-B880-84659DD69E9B}.Debug|Any CPU.Build.0 = Debug|Any CPU
		{34FB508E-FE47-491E-B880-84659DD69E9B}.Release|Any CPU.ActiveCfg = Release|Any CPU
		{34FB508E-FE47-491E-B880-84659DD69E9B}.Release|Any CPU.Build.0 = Release|Any CPU
	EndGlobalSection
	GlobalSection(SolutionProperties) = preSolution
		HideSolutionNode = FALSE
	EndGlobalSection
	GlobalSection(ExtensibilityGlobals) = postSolution
		SolutionGuid = {DEBC2CDF-5561-4365-890C-CDA85282055F}
	EndGlobalSection
EndGlobal
