
Microsoft Visual Studio Solution File, Format Version 12.00
# Visual Studio Version 17
VisualStudioVersion = 17.14.36616.10 d17.14
MinimumVisualStudioVersion = 10.0.40219.1
Project("{FAE04EC0-301F-11D3-BF4B-00C04F79EFBC}") = "WinFormsApp22", "WinFormsApp22\WinFormsApp22.csproj", "{6A1DC7D3-12A3-473F-B22E-1FA71114D542}"
EndProject
Global
	GlobalSection(SolutionConfigurationPlatforms) = preSolution
		Debug|Any CPU = Debug|Any CPU
		Release|Any CPU = Release|Any CPU
	EndGlobalSection
	GlobalSection(ProjectConfigurationPlatforms) = postSolution
		{6A1DC7D3-12A3-473F-B22E-1FA71114D542}.Debug|Any CPU.ActiveCfg = Debug|Any CPU
		{6A1DC7D3-12A3-473F-B22E-1FA71114D542}.Debug|Any CPU.Build.0 = Debug|Any CPU
		{6A1DC7D3-12A3-473F-B22E-1FA71114D542}.Release|Any CPU.ActiveCfg = Release|Any CPU
		{6A1DC7D3-12A3-473F-B22E-1FA71114D542}.Release|Any CPU.Build.0 = Release|Any CPU
	EndGlobalSection
	GlobalSection(SolutionProperties) = preSolution
		HideSolutionNode = FALSE
	EndGlobalSection
	GlobalSection(ExtensibilityGlobals) = postSolution
		SolutionGuid = {AC6E5239-45FA-4037-A86B-017DEAE80A14}
	EndGlobalSection
EndGlobal
